// !$*UTF8*$!
{
	archiveVersion = 1;
	classes = {
	};
	objectVersion = 45;
	objects = {

/* Begin PBXAggregateTarget section */
		4B08AE9E109AE10E00989F6E /* Framework */ = {
			isa = PBXAggregateTarget;
			buildConfigurationList = 4B08AEA1109AE12C00989F6E /* Build configuration list for PBXAggregateTarget "Framework" */;
			buildPhases = (
				4B08AE9D109AE10E00989F6E /* ShellScript */,
			);
			dependencies = (
				4B08AEA8109AE2D300989F6E /* PBXTargetDependency */,
			);
			name = Framework;
			productName = Framework;
		};
		4B5D8DDD1099E1B0000896FF /* autogen.sh */ = {
			isa = PBXAggregateTarget;
			buildConfigurationList = 4B5D8DE51099E1C5000896FF /* Build configuration list for PBXAggregateTarget "autogen.sh" */;
			buildPhases = (
				4B5D8DE11099E1BF000896FF /* ShellScript */,
			);
			dependencies = (
			);
			name = autogen.sh;
			productName = autogen.sh;
		};
		4B5D8DE91099E1F1000896FF /* configure */ = {
			isa = PBXAggregateTarget;
			buildConfigurationList = 4B5D8DEE1099E228000896FF /* Build configuration list for PBXAggregateTarget "configure" */;
			buildPhases = (
				4B5D8DE81099E1F1000896FF /* ShellScript */,
			);
			dependencies = (
				4B5D8DF01099E26D000896FF /* PBXTargetDependency */,
			);
			name = configure;
			productName = configure;
		};
/* End PBXAggregateTarget section */

/* Begin PBXContainerItemProxy section */
		4B08AEA7109AE2D300989F6E /* PBXContainerItemProxy */ = {
			isa = PBXContainerItemProxy;
			containerPortal = 08FB7793FE84155DC02AAC07 /* Project object */;
			proxyType = 1;
			remoteGlobalIDString = 4B5D8DF11099E2A7000896FF;
			remoteInfo = ObjFW;
		};
		4B5D8DEF1099E26D000896FF /* PBXContainerItemProxy */ = {
			isa = PBXContainerItemProxy;
			containerPortal = 08FB7793FE84155DC02AAC07 /* Project object */;
			proxyType = 1;
			remoteGlobalIDString = 4B5D8DDD1099E1B0000896FF;
			remoteInfo = autogen.sh;
		};
		4B5D8DF41099E2CE000896FF /* PBXContainerItemProxy */ = {
			isa = PBXContainerItemProxy;
			containerPortal = 08FB7793FE84155DC02AAC07 /* Project object */;
			proxyType = 1;
			remoteGlobalIDString = 4B5D8DE91099E1F1000896FF;
			remoteInfo = configure;
		};
/* End PBXContainerItemProxy section */

/* Begin PBXFileReference section */
		4B0108C910EB8C9300631877 /* OFEnumerator.h */ = {isa = PBXFileReference; fileEncoding = 4; lastKnownFileType = sourcecode.c.h; name = OFEnumerator.h; path = src/OFEnumerator.h; sourceTree = SOURCE_ROOT; };
		4B0108CA10EB8C9300631877 /* OFEnumerator.m */ = {isa = PBXFileReference; fileEncoding = 4; lastKnownFileType = sourcecode.c.objc; name = OFEnumerator.m; path = src/OFEnumerator.m; sourceTree = SOURCE_ROOT; };
		4B0D249411DFAA3D00ED6FFC /* OFXMLElementBuilder.h */ = {isa = PBXFileReference; fileEncoding = 4; lastKnownFileType = sourcecode.c.h; name = OFXMLElementBuilder.h; path = src/OFXMLElementBuilder.h; sourceTree = SOURCE_ROOT; };
		4B0D249511DFAA3D00ED6FFC /* OFXMLElementBuilder.m */ = {isa = PBXFileReference; fileEncoding = 4; lastKnownFileType = sourcecode.c.objc; name = OFXMLElementBuilder.m; path = src/OFXMLElementBuilder.m; sourceTree = SOURCE_ROOT; };
		4B175C1D116D130B003C99CB /* OFApplication.h */ = {isa = PBXFileReference; fileEncoding = 4; lastKnownFileType = sourcecode.c.h; name = OFApplication.h; path = src/OFApplication.h; sourceTree = SOURCE_ROOT; };
		4B175C1E116D130B003C99CB /* OFApplication.m */ = {isa = PBXFileReference; fileEncoding = 4; lastKnownFileType = sourcecode.c.objc; name = OFApplication.m; path = src/OFApplication.m; sourceTree = SOURCE_ROOT; };
		4B4986DF1101F64500A2CFDA /* objc_properties.m */ = {isa = PBXFileReference; fileEncoding = 4; lastKnownFileType = sourcecode.c.objc; name = objc_properties.m; path = src/objc_properties.m; sourceTree = SOURCE_ROOT; };
		4B6799561099E7C50041064A /* asprintf.h */ = {isa = PBXFileReference; fileEncoding = 4; lastKnownFileType = sourcecode.c.h; name = asprintf.h; path = src/asprintf.h; sourceTree = "<group>"; };
		4B6799581099E7C50041064A /* objc_sync.m */ = {isa = PBXFileReference; fileEncoding = 4; lastKnownFileType = sourcecode.c.objc; name = objc_sync.m; path = src/objc_sync.m; sourceTree = "<group>"; };
		4B67995A1099E7C50041064A /* OFArray.h */ = {isa = PBXFileReference; fileEncoding = 4; lastKnownFileType = sourcecode.c.h; name = OFArray.h; path = src/OFArray.h; sourceTree = "<group>"; };
		4B67995B1099E7C50041064A /* OFArray.m */ = {isa = PBXFileReference; fileEncoding = 4; lastKnownFileType = sourcecode.c.objc; name = OFArray.m; path = src/OFArray.m; sourceTree = "<group>"; };
		4B67995C1099E7C50041064A /* OFAutoreleasePool.h */ = {isa = PBXFileReference; fileEncoding = 4; lastKnownFileType = sourcecode.c.h; name = OFAutoreleasePool.h; path = src/OFAutoreleasePool.h; sourceTree = "<group>"; };
		4B67995D1099E7C50041064A /* OFAutoreleasePool.m */ = {isa = PBXFileReference; fileEncoding = 4; lastKnownFileType = sourcecode.c.objc; name = OFAutoreleasePool.m; path = src/OFAutoreleasePool.m; sourceTree = "<group>"; };
		4B67995E1099E7C50041064A /* OFConstString.h */ = {isa = PBXFileReference; fileEncoding = 4; lastKnownFileType = sourcecode.c.h; name = OFConstString.h; path = src/OFConstString.h; sourceTree = "<group>"; };
		4B67995F1099E7C50041064A /* OFConstString.m */ = {isa = PBXFileReference; fileEncoding = 4; lastKnownFileType = sourcecode.c.objc; name = OFConstString.m; path = src/OFConstString.m; sourceTree = "<group>"; };
		4B6799601099E7C50041064A /* OFDataArray.h */ = {isa = PBXFileReference; fileEncoding = 4; lastKnownFileType = sourcecode.c.h; name = OFDataArray.h; path = src/OFDataArray.h; sourceTree = "<group>"; };
		4B6799611099E7C50041064A /* OFDataArray.m */ = {isa = PBXFileReference; fileEncoding = 4; lastKnownFileType = sourcecode.c.objc; name = OFDataArray.m; path = src/OFDataArray.m; sourceTree = "<group>"; };
		4B6799621099E7C50041064A /* OFDictionary.h */ = {isa = PBXFileReference; fileEncoding = 4; lastKnownFileType = sourcecode.c.h; name = OFDictionary.h; path = src/OFDictionary.h; sourceTree = "<group>"; };
		4B6799631099E7C50041064A /* OFDictionary.m */ = {isa = PBXFileReference; fileEncoding = 4; lastKnownFileType = sourcecode.c.objc; name = OFDictionary.m; path = src/OFDictionary.m; sourceTree = "<group>"; };
		4B6799641099E7C50041064A /* OFExceptions.h */ = {isa = PBXFileReference; fileEncoding = 4; lastKnownFileType = sourcecode.c.h; name = OFExceptions.h; path = src/OFExceptions.h; sourceTree = "<group>"; };
		4B6799651099E7C50041064A /* OFExceptions.m */ = {isa = PBXFileReference; fileEncoding = 4; lastKnownFileType = sourcecode.c.objc; name = OFExceptions.m; path = src/OFExceptions.m; sourceTree = "<group>"; };
		4B6799661099E7C50041064A /* OFFile.h */ = {isa = PBXFileReference; fileEncoding = 4; lastKnownFileType = sourcecode.c.h; name = OFFile.h; path = src/OFFile.h; sourceTree = "<group>"; };
		4B6799671099E7C50041064A /* OFFile.m */ = {isa = PBXFileReference; fileEncoding = 4; lastKnownFileType = sourcecode.c.objc; name = OFFile.m; path = src/OFFile.m; sourceTree = "<group>"; };
		4B67996C1099E7C50041064A /* OFList.h */ = {isa = PBXFileReference; fileEncoding = 4; lastKnownFileType = sourcecode.c.h; name = OFList.h; path = src/OFList.h; sourceTree = "<group>"; };
		4B67996D1099E7C50041064A /* OFList.m */ = {isa = PBXFileReference; fileEncoding = 4; lastKnownFileType = sourcecode.c.objc; name = OFList.m; path = src/OFList.m; sourceTree = "<group>"; };
		4B67996F1099E7C50041064A /* OFMutableArray.h */ = {isa = PBXFileReference; fileEncoding = 4; lastKnownFileType = sourcecode.c.h; name = OFMutableArray.h; path = src/OFMutableArray.h; sourceTree = "<group>"; };
		4B6799701099E7C50041064A /* OFMutableArray.m */ = {isa = PBXFileReference; fileEncoding = 4; lastKnownFileType = sourcecode.c.objc; name = OFMutableArray.m; path = src/OFMutableArray.m; sourceTree = "<group>"; };
		4B6799711099E7C50041064A /* OFMutableDictionary.h */ = {isa = PBXFileReference; fileEncoding = 4; lastKnownFileType = sourcecode.c.h; name = OFMutableDictionary.h; path = src/OFMutableDictionary.h; sourceTree = "<group>"; };
		4B6799721099E7C50041064A /* OFMutableDictionary.m */ = {isa = PBXFileReference; fileEncoding = 4; lastKnownFileType = sourcecode.c.objc; name = OFMutableDictionary.m; path = src/OFMutableDictionary.m; sourceTree = "<group>"; };
		4B6799731099E7C50041064A /* OFMutableString.h */ = {isa = PBXFileReference; fileEncoding = 4; lastKnownFileType = sourcecode.c.h; name = OFMutableString.h; path = src/OFMutableString.h; sourceTree = "<group>"; };
		4B6799741099E7C50041064A /* OFMutableString.m */ = {isa = PBXFileReference; fileEncoding = 4; lastKnownFileType = sourcecode.c.objc; name = OFMutableString.m; path = src/OFMutableString.m; sourceTree = "<group>"; };
		4B6799751099E7C50041064A /* OFNumber.h */ = {isa = PBXFileReference; fileEncoding = 4; lastKnownFileType = sourcecode.c.h; name = OFNumber.h; path = src/OFNumber.h; sourceTree = "<group>"; };
		4B6799761099E7C50041064A /* OFNumber.m */ = {isa = PBXFileReference; fileEncoding = 4; lastKnownFileType = sourcecode.c.objc; name = OFNumber.m; path = src/OFNumber.m; sourceTree = "<group>"; };
		4B6799771099E7C50041064A /* OFObject.h */ = {isa = PBXFileReference; fileEncoding = 4; lastKnownFileType = sourcecode.c.h; name = OFObject.h; path = src/OFObject.h; sourceTree = "<group>"; };
		4B6799781099E7C50041064A /* OFObject.m */ = {isa = PBXFileReference; fileEncoding = 4; lastKnownFileType = sourcecode.c.objc; name = OFObject.m; path = src/OFObject.m; sourceTree = "<group>"; };
		4B6799791099E7C50041064A /* OFPlugin.h */ = {isa = PBXFileReference; fileEncoding = 4; lastKnownFileType = sourcecode.c.h; name = OFPlugin.h; path = src/OFPlugin.h; sourceTree = "<group>"; };
		4B67997A1099E7C50041064A /* OFPlugin.m */ = {isa = PBXFileReference; fileEncoding = 4; lastKnownFileType = sourcecode.c.objc; name = OFPlugin.m; path = src/OFPlugin.m; sourceTree = "<group>"; };
		4B67997B1099E7C50041064A /* OFSocket.h */ = {isa = PBXFileReference; fileEncoding = 4; lastKnownFileType = sourcecode.c.h; name = OFSocket.h; path = src/OFSocket.h; sourceTree = "<group>"; };
		4B67997C1099E7C50041064A /* OFSocket.m */ = {isa = PBXFileReference; fileEncoding = 4; lastKnownFileType = sourcecode.c.objc; name = OFSocket.m; path = src/OFSocket.m; sourceTree = "<group>"; };
		4B67997D1099E7C50041064A /* OFStream.h */ = {isa = PBXFileReference; fileEncoding = 4; lastKnownFileType = sourcecode.c.h; name = OFStream.h; path = src/OFStream.h; sourceTree = "<group>"; };
		4B67997E1099E7C50041064A /* OFStream.m */ = {isa = PBXFileReference; fileEncoding = 4; lastKnownFileType = sourcecode.c.objc; name = OFStream.m; path = src/OFStream.m; sourceTree = "<group>"; };
		4B67997F1099E7C50041064A /* OFString.h */ = {isa = PBXFileReference; fileEncoding = 4; lastKnownFileType = sourcecode.c.h; name = OFString.h; path = src/OFString.h; sourceTree = "<group>"; };
		4B6799801099E7C50041064A /* OFString.m */ = {isa = PBXFileReference; fileEncoding = 4; lastKnownFileType = sourcecode.c.objc; name = OFString.m; path = src/OFString.m; sourceTree = "<group>"; };
		4B6799811099E7C50041064A /* OFTCPSocket.h */ = {isa = PBXFileReference; fileEncoding = 4; lastKnownFileType = sourcecode.c.h; name = OFTCPSocket.h; path = src/OFTCPSocket.h; sourceTree = "<group>"; };
		4B6799821099E7C50041064A /* OFTCPSocket.m */ = {isa = PBXFileReference; fileEncoding = 4; lastKnownFileType = sourcecode.c.objc; name = OFTCPSocket.m; path = src/OFTCPSocket.m; sourceTree = "<group>"; };
		4B6799831099E7C50041064A /* OFThread.h */ = {isa = PBXFileReference; fileEncoding = 4; lastKnownFileType = sourcecode.c.h; name = OFThread.h; path = src/OFThread.h; sourceTree = "<group>"; };
		4B6799841099E7C50041064A /* OFThread.m */ = {isa = PBXFileReference; fileEncoding = 4; lastKnownFileType = sourcecode.c.objc; name = OFThread.m; path = src/OFThread.m; sourceTree = "<group>"; };
		4B6799871099E7C50041064A /* OFXMLElement.h */ = {isa = PBXFileReference; fileEncoding = 4; lastKnownFileType = sourcecode.c.h; name = OFXMLElement.h; path = src/OFXMLElement.h; sourceTree = "<group>"; };
		4B6799881099E7C50041064A /* OFXMLElement.m */ = {isa = PBXFileReference; fileEncoding = 4; lastKnownFileType = sourcecode.c.objc; name = OFXMLElement.m; path = src/OFXMLElement.m; sourceTree = "<group>"; };
		4B6799891099E7C50041064A /* OFXMLParser.h */ = {isa = PBXFileReference; fileEncoding = 4; lastKnownFileType = sourcecode.c.h; name = OFXMLParser.h; path = src/OFXMLParser.h; sourceTree = "<group>"; };
		4B67998A1099E7C50041064A /* OFXMLParser.m */ = {isa = PBXFileReference; fileEncoding = 4; lastKnownFileType = sourcecode.c.objc; name = OFXMLParser.m; path = src/OFXMLParser.m; sourceTree = "<group>"; };
		4B67998B1099E7C50041064A /* threading.h */ = {isa = PBXFileReference; fileEncoding = 4; lastKnownFileType = sourcecode.c.h; name = threading.h; path = src/threading.h; sourceTree = "<group>"; };
		4B67998C1099E7C50041064A /* unicode.h */ = {isa = PBXFileReference; fileEncoding = 4; lastKnownFileType = sourcecode.c.h; name = unicode.h; path = src/unicode.h; sourceTree = "<group>"; };
		4B6AF96C10A8D3E40003FB0A /* asprintf.m */ = {isa = PBXFileReference; fileEncoding = 4; lastKnownFileType = sourcecode.c.objc; name = asprintf.m; path = src/asprintf.m; sourceTree = "<group>"; };
		4B6AF96F10A8D40E0003FB0A /* iso_8859_15.m */ = {isa = PBXFileReference; fileEncoding = 4; lastKnownFileType = sourcecode.c.objc; name = iso_8859_15.m; path = src/iso_8859_15.m; sourceTree = "<group>"; };
		4B6AF97210A8D42E0003FB0A /* windows_1252.m */ = {isa = PBXFileReference; fileEncoding = 4; lastKnownFileType = sourcecode.c.objc; name = windows_1252.m; path = src/windows_1252.m; sourceTree = "<group>"; };
		4B6AF97310A8D4450003FB0A /* ObjFW.h */ = {isa = PBXFileReference; fileEncoding = 4; lastKnownFileType = sourcecode.c.h; name = ObjFW.h; path = src/ObjFW.h; sourceTree = "<group>"; };
		4B981CDE116F71DD00294DB7 /* OFSeekableStream.h */ = {isa = PBXFileReference; fileEncoding = 4; lastKnownFileType = sourcecode.c.h; name = OFSeekableStream.h; path = src/OFSeekableStream.h; sourceTree = SOURCE_ROOT; };
		4B981CDF116F71DD00294DB7 /* OFSeekableStream.m */ = {isa = PBXFileReference; fileEncoding = 4; lastKnownFileType = sourcecode.c.objc; name = OFSeekableStream.m; path = src/OFSeekableStream.m; sourceTree = SOURCE_ROOT; };
		4BBA36C411406AB700CBA3AC /* atomic.h */ = {isa = PBXFileReference; fileEncoding = 4; lastKnownFileType = sourcecode.c.h; name = atomic.h; path = src/atomic.h; sourceTree = SOURCE_ROOT; };
		4BBA36C511406AB700CBA3AC /* macros.h */ = {isa = PBXFileReference; fileEncoding = 4; lastKnownFileType = sourcecode.c.h; name = macros.h; path = src/macros.h; sourceTree = SOURCE_ROOT; };
		4BF1BCBF11C9663F0025511F /* objfw-defs.h.in */ = {isa = PBXFileReference; fileEncoding = 4; lastKnownFileType = text; name = "objfw-defs.h.in"; path = "src/objfw-defs.h.in"; sourceTree = SOURCE_ROOT; };
		4BF1BCC011C9663F0025511F /* OFHash.h */ = {isa = PBXFileReference; fileEncoding = 4; lastKnownFileType = sourcecode.c.h; name = OFHash.h; path = src/OFHash.h; sourceTree = SOURCE_ROOT; };
		4BF1BCC111C9663F0025511F /* OFHash.m */ = {isa = PBXFileReference; fileEncoding = 4; lastKnownFileType = sourcecode.c.objc; name = OFHash.m; path = src/OFHash.m; sourceTree = SOURCE_ROOT; };
		4BF1BCC211C9663F0025511F /* OFMD5Hash.h */ = {isa = PBXFileReference; fileEncoding = 4; lastKnownFileType = sourcecode.c.h; name = OFMD5Hash.h; path = src/OFMD5Hash.h; sourceTree = SOURCE_ROOT; };
		4BF1BCC311C9663F0025511F /* OFMD5Hash.m */ = {isa = PBXFileReference; fileEncoding = 4; lastKnownFileType = sourcecode.c.objc; name = OFMD5Hash.m; path = src/OFMD5Hash.m; sourceTree = SOURCE_ROOT; };
		4BF1BCC411C9663F0025511F /* OFSHA1Hash.h */ = {isa = PBXFileReference; fileEncoding = 4; lastKnownFileType = sourcecode.c.h; name = OFSHA1Hash.h; path = src/OFSHA1Hash.h; sourceTree = SOURCE_ROOT; };
		4BF1BCC511C9663F0025511F /* OFSHA1Hash.m */ = {isa = PBXFileReference; fileEncoding = 4; lastKnownFileType = sourcecode.c.objc; name = OFSHA1Hash.m; path = src/OFSHA1Hash.m; sourceTree = SOURCE_ROOT; };
		4BF1BCC611C9663F0025511F /* OFString+Hashing.h */ = {isa = PBXFileReference; fileEncoding = 4; lastKnownFileType = sourcecode.c.h; name = "OFString+Hashing.h"; path = "src/OFString+Hashing.h"; sourceTree = SOURCE_ROOT; };
		4BF1BCC711C9663F0025511F /* OFString+Hashing.m */ = {isa = PBXFileReference; fileEncoding = 4; lastKnownFileType = sourcecode.c.objc; name = "OFString+Hashing.m"; path = "src/OFString+Hashing.m"; sourceTree = SOURCE_ROOT; };
		4BF1BCC811C9663F0025511F /* OFString+URLEncoding.h */ = {isa = PBXFileReference; fileEncoding = 4; lastKnownFileType = sourcecode.c.h; name = "OFString+URLEncoding.h"; path = "src/OFString+URLEncoding.h"; sourceTree = SOURCE_ROOT; };
		4BF1BCC911C9663F0025511F /* OFString+URLEncoding.m */ = {isa = PBXFileReference; fileEncoding = 4; lastKnownFileType = sourcecode.c.objc; name = "OFString+URLEncoding.m"; path = "src/OFString+URLEncoding.m"; sourceTree = SOURCE_ROOT; };
		4BF1BCCA11C9663F0025511F /* OFString+XMLEscaping.h */ = {isa = PBXFileReference; fileEncoding = 4; lastKnownFileType = sourcecode.c.h; name = "OFString+XMLEscaping.h"; path = "src/OFString+XMLEscaping.h"; sourceTree = SOURCE_ROOT; };
		4BF1BCCB11C9663F0025511F /* OFString+XMLEscaping.m */ = {isa = PBXFileReference; fileEncoding = 4; lastKnownFileType = sourcecode.c.objc; name = "OFString+XMLEscaping.m"; path = "src/OFString+XMLEscaping.m"; sourceTree = SOURCE_ROOT; };
		4BF1BCCC11C9663F0025511F /* OFString+XMLUnescaping.h */ = {isa = PBXFileReference; fileEncoding = 4; lastKnownFileType = sourcecode.c.h; name = "OFString+XMLUnescaping.h"; path = "src/OFString+XMLUnescaping.h"; sourceTree = SOURCE_ROOT; };
		4BF1BCCD11C9663F0025511F /* OFString+XMLUnescaping.m */ = {isa = PBXFileReference; fileEncoding = 4; lastKnownFileType = sourcecode.c.objc; name = "OFString+XMLUnescaping.m"; path = "src/OFString+XMLUnescaping.m"; sourceTree = SOURCE_ROOT; };
		4BF1BCCE11C9663F0025511F /* OFXMLAttribute.h */ = {isa = PBXFileReference; fileEncoding = 4; lastKnownFileType = sourcecode.c.h; name = OFXMLAttribute.h; path = src/OFXMLAttribute.h; sourceTree = SOURCE_ROOT; };
		4BF1BCCF11C9663F0025511F /* OFXMLAttribute.m */ = {isa = PBXFileReference; fileEncoding = 4; lastKnownFileType = sourcecode.c.objc; name = OFXMLAttribute.m; path = src/OFXMLAttribute.m; sourceTree = SOURCE_ROOT; };
		4BF1BCD811C966950025511F /* OFSocketObserver.h */ = {isa = PBXFileReference; fileEncoding = 4; lastKnownFileType = sourcecode.c.h; name = OFSocketObserver.h; path = src/OFSocketObserver.h; sourceTree = SOURCE_ROOT; };
		4BF1BCD911C966950025511F /* OFSocketObserver.m */ = {isa = PBXFileReference; fileEncoding = 4; lastKnownFileType = sourcecode.c.objc; name = OFSocketObserver.m; path = src/OFSocketObserver.m; sourceTree = SOURCE_ROOT; };
		4BFBDD1610A0724800051AFB /* unicode.m */ = {isa = PBXFileReference; fileEncoding = 4; lastKnownFileType = sourcecode.c.objc; name = unicode.m; path = src/unicode.m; sourceTree = "<group>"; };
/* End PBXFileReference section */

/* Begin PBXGroup section */
		08FB7794FE84155DC02AAC07 /* ObjFW */ = {
			isa = PBXGroup;
			children = (
				4B175C1D116D130B003C99CB /* OFApplication.h */,
				4B175C1E116D130B003C99CB /* OFApplication.m */,
				4B67995A1099E7C50041064A /* OFArray.h */,
				4B67995B1099E7C50041064A /* OFArray.m */,
				4B67995C1099E7C50041064A /* OFAutoreleasePool.h */,
				4B67995D1099E7C50041064A /* OFAutoreleasePool.m */,
				4B67995E1099E7C50041064A /* OFConstString.h */,
				4B67995F1099E7C50041064A /* OFConstString.m */,
				4B6799601099E7C50041064A /* OFDataArray.h */,
				4B6799611099E7C50041064A /* OFDataArray.m */,
				4B6799621099E7C50041064A /* OFDictionary.h */,
				4B6799631099E7C50041064A /* OFDictionary.m */,
				4B0108C910EB8C9300631877 /* OFEnumerator.h */,
				4B0108CA10EB8C9300631877 /* OFEnumerator.m */,
				4B6799641099E7C50041064A /* OFExceptions.h */,
				4B6799651099E7C50041064A /* OFExceptions.m */,
				4B6799661099E7C50041064A /* OFFile.h */,
				4B6799671099E7C50041064A /* OFFile.m */,
				4BF1BCC011C9663F0025511F /* OFHash.h */,
				4BF1BCC111C9663F0025511F /* OFHash.m */,
				4B67996C1099E7C50041064A /* OFList.h */,
				4B67996D1099E7C50041064A /* OFList.m */,
				4BF1BCC211C9663F0025511F /* OFMD5Hash.h */,
				4BF1BCC311C9663F0025511F /* OFMD5Hash.m */,
				4B67996F1099E7C50041064A /* OFMutableArray.h */,
				4B6799701099E7C50041064A /* OFMutableArray.m */,
				4B6799711099E7C50041064A /* OFMutableDictionary.h */,
				4B6799721099E7C50041064A /* OFMutableDictionary.m */,
				4B6799731099E7C50041064A /* OFMutableString.h */,
				4B6799741099E7C50041064A /* OFMutableString.m */,
				4B6799751099E7C50041064A /* OFNumber.h */,
				4B6799761099E7C50041064A /* OFNumber.m */,
				4B6799771099E7C50041064A /* OFObject.h */,
				4B6799781099E7C50041064A /* OFObject.m */,
				4B6799791099E7C50041064A /* OFPlugin.h */,
				4B67997A1099E7C50041064A /* OFPlugin.m */,
				4B981CDE116F71DD00294DB7 /* OFSeekableStream.h */,
				4B981CDF116F71DD00294DB7 /* OFSeekableStream.m */,
				4BF1BCC411C9663F0025511F /* OFSHA1Hash.h */,
				4BF1BCC511C9663F0025511F /* OFSHA1Hash.m */,
				4B67997B1099E7C50041064A /* OFSocket.h */,
				4B67997C1099E7C50041064A /* OFSocket.m */,
				4B67997D1099E7C50041064A /* OFStream.h */,
				4B67997E1099E7C50041064A /* OFStream.m */,
				4BF1BCD811C966950025511F /* OFSocketObserver.h */,
				4BF1BCD911C966950025511F /* OFSocketObserver.m */,
				4B67997F1099E7C50041064A /* OFString.h */,
				4B6799801099E7C50041064A /* OFString.m */,
				4BF1BCC611C9663F0025511F /* OFString+Hashing.h */,
				4BF1BCC711C9663F0025511F /* OFString+Hashing.m */,
				4BF1BCC811C9663F0025511F /* OFString+URLEncoding.h */,
				4BF1BCC911C9663F0025511F /* OFString+URLEncoding.m */,
				4BF1BCCA11C9663F0025511F /* OFString+XMLEscaping.h */,
				4BF1BCCB11C9663F0025511F /* OFString+XMLEscaping.m */,
				4BF1BCCC11C9663F0025511F /* OFString+XMLUnescaping.h */,
				4BF1BCCD11C9663F0025511F /* OFString+XMLUnescaping.m */,
				4B6799811099E7C50041064A /* OFTCPSocket.h */,
				4B6799821099E7C50041064A /* OFTCPSocket.m */,
				4B6799831099E7C50041064A /* OFThread.h */,
				4B6799841099E7C50041064A /* OFThread.m */,
				4BF1BCCE11C9663F0025511F /* OFXMLAttribute.h */,
				4BF1BCCF11C9663F0025511F /* OFXMLAttribute.m */,
				4B6799871099E7C50041064A /* OFXMLElement.h */,
				4B6799881099E7C50041064A /* OFXMLElement.m */,
				4B0D249411DFAA3D00ED6FFC /* OFXMLElementBuilder.h */,
				4B0D249511DFAA3D00ED6FFC /* OFXMLElementBuilder.m */,
				4B6799891099E7C50041064A /* OFXMLParser.h */,
				4B67998A1099E7C50041064A /* OFXMLParser.m */,
				4B6AF97310A8D4450003FB0A /* ObjFW.h */,
				4B6799561099E7C50041064A /* asprintf.h */,
				4B6AF96C10A8D3E40003FB0A /* asprintf.m */,
				4BBA36C411406AB700CBA3AC /* atomic.h */,
				4B6AF96F10A8D40E0003FB0A /* iso_8859_15.m */,
				4BBA36C511406AB700CBA3AC /* macros.h */,
				4B4986DF1101F64500A2CFDA /* objc_properties.m */,
				4B6799581099E7C50041064A /* objc_sync.m */,
				4BF1BCBF11C9663F0025511F /* objfw-defs.h.in */,
				4B67998B1099E7C50041064A /* threading.h */,
				4B67998C1099E7C50041064A /* unicode.h */,
				4BFBDD1610A0724800051AFB /* unicode.m */,
				4B6AF97210A8D42E0003FB0A /* windows_1252.m */,
			);
			name = ObjFW;
			sourceTree = "<group>";
		};
/* End PBXGroup section */

/* Begin PBXLegacyTarget section */
		4B5D8DF11099E2A7000896FF /* ObjFW */ = {
			isa = PBXLegacyTarget;
			buildArgumentsString = "'LIB=ObjFW' 'LDFLAGS=-arch ppc -arch i386 -arch x86_64 -install_name /Library/Frameworks/ObjFW.framework/Versions/A/ObjFW' $(ACTION)";
			buildConfigurationList = 4B5D8DF91099E2ED000896FF /* Build configuration list for PBXLegacyTarget "ObjFW" */;
			buildPhases = (
			);
			buildToolPath = /usr/bin/make;
			buildWorkingDirectory = src;
			dependencies = (
				4B5D8DF51099E2CE000896FF /* PBXTargetDependency */,
			);
			name = ObjFW;
			passBuildSettingsInEnvironment = 1;
			productName = ObjFW;
		};
/* End PBXLegacyTarget section */

/* Begin PBXProject section */
		08FB7793FE84155DC02AAC07 /* Project object */ = {
			isa = PBXProject;
			buildConfigurationList = 1DEB919308733D9F0010E9CD /* Build configuration list for PBXProject "ObjFW" */;
			compatibilityVersion = "Xcode 3.1";
			hasScannedForEncodings = 1;
			mainGroup = 08FB7794FE84155DC02AAC07 /* ObjFW */;
			projectDirPath = "";
			projectRoot = "";
			targets = (
				4B08AE9E109AE10E00989F6E /* Framework */,
				4B5D8DF11099E2A7000896FF /* ObjFW */,
				4B5D8DDD1099E1B0000896FF /* autogen.sh */,
				4B5D8DE91099E1F1000896FF /* configure */,
			);
		};
/* End PBXProject section */

/* Begin PBXShellScriptBuildPhase section */
		4B08AE9D109AE10E00989F6E /* ShellScript */ = {
			isa = PBXShellScriptBuildPhase;
			buildActionMask = 12;
			files = (
			);
			inputPaths = (
			);
			outputPaths = (
			);
			runOnlyForDeploymentPostprocessing = 0;
			shellPath = /bin/sh;
			shellScript = "rm -fr $TARGET_BUILD_DIR/ObjFW.framework\nmkdir -p $TARGET_BUILD_DIR/ObjFW.framework/Versions/A/Headers || exit 1\nmkdir -p $TARGET_BUILD_DIR/ObjFW.framework/Versions/A/Resources || exit 1\ninstall -m 755 src/ObjFW $TARGET_BUILD_DIR/ObjFW.framework/Versions/A/ || exit 1\ninstall -m 644 src/*.h $TARGET_BUILD_DIR/ObjFW.framework/Versions/A/Headers/ || exit 1\ninstall -m 644 Info.plist $TARGET_BUILD_DIR/ObjFW.framework/Versions/A/Resources/\nln -s A $TARGET_BUILD_DIR/ObjFW.framework/Versions/Current || exit 1\nln -s Versions/Current/Headers $TARGET_BUILD_DIR/ObjFW.framework/Headers || exit 1\nln -s Versions/Current/Resources $TARGET_BUILD_DIR/ObjFW.framework/Resources || exit 1\nln -s Versions/Current/ObjFW $TARGET_BUILD_DIR/ObjFW.framework/ObjFW || exit 1";
			showEnvVarsInLog = 0;
		};
		4B5D8DE11099E1BF000896FF /* ShellScript */ = {
			isa = PBXShellScriptBuildPhase;
			buildActionMask = 2147483647;
			files = (
			);
			inputPaths = (
			);
			outputPaths = (
			);
			runOnlyForDeploymentPostprocessing = 0;
			shellPath = /bin/sh;
			shellScript = "if [ \"configure.ac\" -nt \"configure\" ]; then\n\t./autogen.sh || exit 1\nfi";
			showEnvVarsInLog = 0;
		};
		4B5D8DE81099E1F1000896FF /* ShellScript */ = {
			isa = PBXShellScriptBuildPhase;
			buildActionMask = 2147483647;
			files = (
			);
			inputPaths = (
			);
			outputPaths = (
			);
			runOnlyForDeploymentPostprocessing = 0;
			shellPath = /bin/sh;
			shellScript = "if [ \"configure\" -nt \"buildsys.mk\" -o \"buildsys.mk.in\" -nt \"buildsys.mk\" ]; then\n\tCFLAGS=\"-arch ppc -arch i386 -arch x86_64\" \\\n\tOBJCFLAGS=\"-arch ppc -arch i386 -arch x86_64\" \\\n\tLDFLAGS=\"-arch ppc -arch i386 -arch x86_64\" \\\n\t./configure || exit 1\nfi";
			showEnvVarsInLog = 0;
		};
/* End PBXShellScriptBuildPhase section */

/* Begin PBXTargetDependency section */
		4B08AEA8109AE2D300989F6E /* PBXTargetDependency */ = {
			isa = PBXTargetDependency;
			target = 4B5D8DF11099E2A7000896FF /* ObjFW */;
			targetProxy = 4B08AEA7109AE2D300989F6E /* PBXContainerItemProxy */;
		};
		4B5D8DF01099E26D000896FF /* PBXTargetDependency */ = {
			isa = PBXTargetDependency;
			target = 4B5D8DDD1099E1B0000896FF /* autogen.sh */;
			targetProxy = 4B5D8DEF1099E26D000896FF /* PBXContainerItemProxy */;
		};
		4B5D8DF51099E2CE000896FF /* PBXTargetDependency */ = {
			isa = PBXTargetDependency;
			target = 4B5D8DE91099E1F1000896FF /* configure */;
			targetProxy = 4B5D8DF41099E2CE000896FF /* PBXContainerItemProxy */;
		};
/* End PBXTargetDependency section */

/* Begin XCBuildConfiguration section */
		1DEB919408733D9F0010E9CD /* Debug */ = {
			isa = XCBuildConfiguration;
			buildSettings = {
			};
			name = Debug;
		};
		1DEB919508733D9F0010E9CD /* Release */ = {
			isa = XCBuildConfiguration;
			buildSettings = {
			};
			name = Release;
		};
		4B08AE9F109AE10E00989F6E /* Debug */ = {
			isa = XCBuildConfiguration;
			buildSettings = {
				COPY_PHASE_STRIP = NO;
				GCC_DYNAMIC_NO_PIC = NO;
				GCC_OPTIMIZATION_LEVEL = 0;
				PRODUCT_NAME = Framework;
			};
			name = Debug;
		};
		4B08AEA0109AE10E00989F6E /* Release */ = {
			isa = XCBuildConfiguration;
			buildSettings = {
				COPY_PHASE_STRIP = YES;
				DEBUG_INFORMATION_FORMAT = "dwarf-with-dsym";
				GCC_ENABLE_FIX_AND_CONTINUE = NO;
				PRODUCT_NAME = Framework;
				ZERO_LINK = NO;
			};
			name = Release;
		};
		4B5D8DDE1099E1B1000896FF /* Debug */ = {
			isa = XCBuildConfiguration;
			buildSettings = {
				COPY_PHASE_STRIP = NO;
				GCC_DYNAMIC_NO_PIC = NO;
				GCC_OPTIMIZATION_LEVEL = 0;
				PRODUCT_NAME = autogen.sh;
			};
			name = Debug;
		};
		4B5D8DDF1099E1B1000896FF /* Release */ = {
			isa = XCBuildConfiguration;
			buildSettings = {
				COPY_PHASE_STRIP = YES;
				DEBUG_INFORMATION_FORMAT = "dwarf-with-dsym";
				GCC_ENABLE_FIX_AND_CONTINUE = NO;
				PRODUCT_NAME = autogen.sh;
				ZERO_LINK = NO;
			};
			name = Release;
		};
		4B5D8DEA1099E1F2000896FF /* Debug */ = {
			isa = XCBuildConfiguration;
			buildSettings = {
				COPY_PHASE_STRIP = NO;
				GCC_DYNAMIC_NO_PIC = NO;
				GCC_OPTIMIZATION_LEVEL = 0;
				PRODUCT_NAME = configure;
			};
			name = Debug;
		};
		4B5D8DEB1099E1F2000896FF /* Release */ = {
			isa = XCBuildConfiguration;
			buildSettings = {
				COPY_PHASE_STRIP = YES;
				DEBUG_INFORMATION_FORMAT = "dwarf-with-dsym";
				GCC_ENABLE_FIX_AND_CONTINUE = NO;
				PRODUCT_NAME = configure;
				ZERO_LINK = NO;
			};
			name = Release;
		};
		4B5D8DF21099E2A7000896FF /* Debug */ = {
			isa = XCBuildConfiguration;
			buildSettings = {
				COPY_PHASE_STRIP = NO;
				GCC_DYNAMIC_NO_PIC = NO;
				GCC_OPTIMIZATION_LEVEL = 0;
				PRODUCT_NAME = ObjFW;
			};
			name = Debug;
		};
		4B5D8DF31099E2A7000896FF /* Release */ = {
			isa = XCBuildConfiguration;
			buildSettings = {
				COPY_PHASE_STRIP = YES;
				DEBUG_INFORMATION_FORMAT = "dwarf-with-dsym";
				GCC_ENABLE_FIX_AND_CONTINUE = NO;
				PRODUCT_NAME = ObjFW;
				ZERO_LINK = NO;
			};
			name = Release;
		};
/* End XCBuildConfiguration section */

/* Begin XCConfigurationList section */
		1DEB919308733D9F0010E9CD /* Build configuration list for PBXProject "ObjFW" */ = {
			isa = XCConfigurationList;
			buildConfigurations = (
				1DEB919408733D9F0010E9CD /* Debug */,
				1DEB919508733D9F0010E9CD /* Release */,
			);
			defaultConfigurationIsVisible = 0;
			defaultConfigurationName = Release;
		};
		4B08AEA1109AE12C00989F6E /* Build configuration list for PBXAggregateTarget "Framework" */ = {
			isa = XCConfigurationList;
			buildConfigurations = (
				4B08AE9F109AE10E00989F6E /* Debug */,
				4B08AEA0109AE10E00989F6E /* Release */,
			);
			defaultConfigurationIsVisible = 0;
			defaultConfigurationName = Release;
		};
		4B5D8DE51099E1C5000896FF /* Build configuration list for PBXAggregateTarget "autogen.sh" */ = {
			isa = XCConfigurationList;
			buildConfigurations = (
				4B5D8DDE1099E1B1000896FF /* Debug */,
				4B5D8DDF1099E1B1000896FF /* Release */,
			);
			defaultConfigurationIsVisible = 0;
			defaultConfigurationName = Release;
		};
		4B5D8DEE1099E228000896FF /* Build configuration list for PBXAggregateTarget "configure" */ = {
			isa = XCConfigurationList;
			buildConfigurations = (
				4B5D8DEA1099E1F2000896FF /* Debug */,
				4B5D8DEB1099E1F2000896FF /* Release */,
			);
			defaultConfigurationIsVisible = 0;
			defaultConfigurationName = Release;
		};
		4B5D8DF91099E2ED000896FF /* Build configuration list for PBXLegacyTarget "ObjFW" */ = {
			isa = XCConfigurationList;
			buildConfigurations = (
				4B5D8DF21099E2A7000896FF /* Debug */,
				4B5D8DF31099E2A7000896FF /* Release */,
			);
			defaultConfigurationIsVisible = 0;
			defaultConfigurationName = Release;
		};
/* End XCConfigurationList section */
	};
	rootObject = 08FB7793FE84155DC02AAC07 /* Project object */;
}
